
Microsoft Visual Studio Solution File, Format Version 12.00
# Visual Studio Version 17
VisualStudioVersion = 17.5.33414.496
MinimumVisualStudioVersion = 10.0.40219.1
Project("{FAE04EC0-301F-11D3-BF4B-00C04F79EFBC}") = "EmployeeService", "EmployeeService\EmployeeService.csproj", "{0488A724-DB8D-47AD-A89E-03B525EA4A6C}"
EndProject
Global
	GlobalSection(SolutionConfigurationPlatforms) = preSolution
		Debug|Any CPU = Debug|Any CPU
		Release|Any CPU = Release|Any CPU
	EndGlobalSection
	GlobalSection(ProjectConfigurationPlatforms) = postSolution
		{0488A724-DB8D-47AD-A89E-03B525EA4A6C}.Debug|Any CPU.ActiveCfg = Debug|Any CPU
		{0488A724-DB8D-47AD-A89E-03B525EA4A6C}.Debug|Any CPU.Build.0 = Debug|Any CPU
		{0488A724-DB8D-47AD-A89E-03B525EA4A6C}.Release|Any CPU.ActiveCfg = Release|Any CPU
		{0488A724-DB8D-47AD-A89E-03B525EA4A6C}.Release|Any CPU.Build.0 = Release|Any CPU
	EndGlobalSection
	GlobalSection(SolutionProperties) = preSolution
		HideSolutionNode = FALSE
	EndGlobalSection
	GlobalSection(ExtensibilityGlobals) = postSolution
		SolutionGuid = {23397E83-D7CF-49D2-851D-88CDEA883636}
	EndGlobalSection
EndGlobal
